<<<<<<< HEAD
Microsoft Visual Studio Solution File, Format Version 11.00
# Visual Studio 2008

Project("{E159319C-A793-F3BB-FE7B-374D0193B892}") = "ggj2017", "Assembly-CSharp.csproj", "{61401D63-B18B-9ADE-BCAA-BDEEF33B0701}"
EndProject
Global
	GlobalSection(SolutionConfigurationPlatforms) = preSolution
		Debug|Any CPU = Debug|Any CPU
		Release|Any CPU = Release|Any CPU
	EndGlobalSection
	GlobalSection(ProjectConfigurationPlatforms) = postSolution
		{61401D63-B18B-9ADE-BCAA-BDEEF33B0701}.Debug|Any CPU.ActiveCfg = Debug|Any CPU
		{61401D63-B18B-9ADE-BCAA-BDEEF33B0701}.Debug|Any CPU.Build.0 = Debug|Any CPU
		{61401D63-B18B-9ADE-BCAA-BDEEF33B0701}.Release|Any CPU.ActiveCfg = Release|Any CPU
		{61401D63-B18B-9ADE-BCAA-BDEEF33B0701}.Release|Any CPU.Build.0 = Release|Any CPU
	EndGlobalSection
	GlobalSection(SolutionProperties) = preSolution
		HideSolutionNode = FALSE
	EndGlobalSection
	GlobalSection(MonoDevelopProperties) = preSolution
		StartupItem = Assembly-CSharp.csproj
	EndGlobalSection
EndGlobal
=======
﻿
Microsoft Visual Studio Solution File, Format Version 12.00
# Visual Studio 2015
Project("{FAE04EC0-301F-11D3-BF4B-00C04F79EFBC}") = "ggj2017.CSharp", "ggj2017.CSharp.csproj", "{86A8C171-5817-93DF-77E6-9CD8F71AF094}"
EndProject
Global
	GlobalSection(SolutionConfigurationPlatforms) = preSolution
		Debug|Any CPU = Debug|Any CPU
		Release|Any CPU = Release|Any CPU
	EndGlobalSection
	GlobalSection(ProjectConfigurationPlatforms) = postSolution
		{86A8C171-5817-93DF-77E6-9CD8F71AF094}.Debug|Any CPU.ActiveCfg = Debug|Any CPU
		{86A8C171-5817-93DF-77E6-9CD8F71AF094}.Debug|Any CPU.Build.0 = Debug|Any CPU
		{86A8C171-5817-93DF-77E6-9CD8F71AF094}.Release|Any CPU.ActiveCfg = Release|Any CPU
		{86A8C171-5817-93DF-77E6-9CD8F71AF094}.Release|Any CPU.Build.0 = Release|Any CPU
	EndGlobalSection
	GlobalSection(SolutionProperties) = preSolution
		HideSolutionNode = FALSE
	EndGlobalSection
EndGlobal
>>>>>>> 1cda985d9f95fde6c4b207fcdfa513dfe44e9d49
