<<<<<<< HEAD
Microsoft Visual Studio Solution File, Format Version 11.00
# Visual Studio 2008

Project("{E159319C-A793-F3BB-FE7B-374D0193B892}") = "ggj2017", "Assembly-CSharp.csproj", "{61401D63-B18B-9ADE-BCAA-BDEEF33B0701}"
EndProject
Global
	GlobalSection(SolutionConfigurationPlatforms) = preSolution
		Debug|Any CPU = Debug|Any CPU
		Release|Any CPU = Release|Any CPU
	EndGlobalSection
	GlobalSection(ProjectConfigurationPlatforms) = postSolution
		{61401D63-B18B-9ADE-BCAA-BDEEF33B0701}.Debug|Any CPU.ActiveCfg = Debug|Any CPU
		{61401D63-B18B-9ADE-BCAA-BDEEF33B0701}.Debug|Any CPU.Build.0 = Debug|Any CPU
		{61401D63-B18B-9ADE-BCAA-BDEEF33B0701}.Release|Any CPU.ActiveCfg = Release|Any CPU
		{61401D63-B18B-9ADE-BCAA-BDEEF33B0701}.Release|Any CPU.Build.0 = Release|Any CPU
	EndGlobalSection
	GlobalSection(SolutionProperties) = preSolution
		HideSolutionNode = FALSE
	EndGlobalSection
	GlobalSection(MonoDevelopProperties) = preSolution
		StartupItem = Assembly-CSharp.csproj
	EndGlobalSection
EndGlobal
=======
﻿
Microsoft Visual Studio Solution File, Format Version 12.00
# Visual Studio 2015
Project("{FAE04EC0-301F-11D3-BF4B-00C04F79EFBC}") = "ggj2017", "ggj2017.csproj", "{12345DED-F4AD-5055-60E8-F22441A2DEE2}"
EndProject
Global
	GlobalSection(SolutionConfigurationPlatforms) = preSolution
		Debug|Any CPU = Debug|Any CPU
		Release|Any CPU = Release|Any CPU
	EndGlobalSection
	GlobalSection(ProjectConfigurationPlatforms) = postSolution
		{12345DED-F4AD-5055-60E8-F22441A2DEE2}.Debug|Any CPU.ActiveCfg = Debug|Any CPU
		{12345DED-F4AD-5055-60E8-F22441A2DEE2}.Debug|Any CPU.Build.0 = Debug|Any CPU
		{12345DED-F4AD-5055-60E8-F22441A2DEE2}.Release|Any CPU.ActiveCfg = Release|Any CPU
		{12345DED-F4AD-5055-60E8-F22441A2DEE2}.Release|Any CPU.Build.0 = Release|Any CPU
	EndGlobalSection
	GlobalSection(SolutionProperties) = preSolution
		HideSolutionNode = FALSE
	EndGlobalSection
EndGlobal
>>>>>>> 1f76a6382650a03d3c3ec3c1ab4696dda374638c
